
Microsoft Visual Studio Solution File, Format Version 12.00
# Visual Studio 14
VisualStudioVersion = 14.0.25420.1
MinimumVisualStudioVersion = 10.0.40219.1
Project("{FAE04EC0-301F-11D3-BF4B-00C04F79EFBC}") = "App1_PortNative.Droid", "App1_PortNative\App1_PortNative.Droid\App1_PortNative.Droid.csproj", "{6C53B14A-870A-4D76-AFA1-93F19FACC2BB}"
EndProject
Project("{FAE04EC0-301F-11D3-BF4B-00C04F79EFBC}") = "App1_PortNative.iOS", "App1_PortNative\App1_PortNative.iOS\App1_PortNative.iOS.csproj", "{3083D261-256B-45AC-A02E-3F19BB27F775}"
EndProject
Project("{FAE04EC0-301F-11D3-BF4B-00C04F79EFBC}") = "App1_PortNative", "App1_PortNative\App1_PortNative\App1_PortNative.csproj", "{72594A4A-B723-4E71-A48F-9A64DBAD6752}"
EndProject
Global
	GlobalSection(SolutionConfigurationPlatforms) = preSolution
		Debug|Any CPU = Debug|Any CPU
		Debug|iPhone = Debug|iPhone
		Debug|iPhoneSimulator = Debug|iPhoneSimulator
		Release|Any CPU = Release|Any CPU
		Release|iPhone = Release|iPhone
		Release|iPhoneSimulator = Release|iPhoneSimulator
	EndGlobalSection
	GlobalSection(ProjectConfigurationPlatforms) = postSolution
		{6C53B14A-870A-4D76-AFA1-93F19FACC2BB}.Debug|Any CPU.ActiveCfg = Debug|Any CPU
		{6C53B14A-870A-4D76-AFA1-93F19FACC2BB}.Debug|Any CPU.Build.0 = Debug|Any CPU
		{6C53B14A-870A-4D76-AFA1-93F19FACC2BB}.Debug|Any CPU.Deploy.0 = Debug|Any CPU
		{6C53B14A-870A-4D76-AFA1-93F19FACC2BB}.Debug|iPhone.ActiveCfg = Debug|Any CPU
		{6C53B14A-870A-4D76-AFA1-93F19FACC2BB}.Debug|iPhone.Build.0 = Debug|Any CPU
		{6C53B14A-870A-4D76-AFA1-93F19FACC2BB}.Debug|iPhone.Deploy.0 = Debug|Any CPU
		{6C53B14A-870A-4D76-AFA1-93F19FACC2BB}.Debug|iPhoneSimulator.ActiveCfg = Debug|Any CPU
		{6C53B14A-870A-4D76-AFA1-93F19FACC2BB}.Debug|iPhoneSimulator.Build.0 = Debug|Any CPU
		{6C53B14A-870A-4D76-AFA1-93F19FACC2BB}.Debug|iPhoneSimulator.Deploy.0 = Debug|Any CPU
		{6C53B14A-870A-4D76-AFA1-93F19FACC2BB}.Release|Any CPU.ActiveCfg = Release|Any CPU
		{6C53B14A-870A-4D76-AFA1-93F19FACC2BB}.Release|Any CPU.Build.0 = Release|Any CPU
		{6C53B14A-870A-4D76-AFA1-93F19FACC2BB}.Release|Any CPU.Deploy.0 = Release|Any CPU
		{6C53B14A-870A-4D76-AFA1-93F19FACC2BB}.Release|iPhone.ActiveCfg = Release|Any CPU
		{6C53B14A-870A-4D76-AFA1-93F19FACC2BB}.Release|iPhone.Build.0 = Release|Any CPU
		{6C53B14A-870A-4D76-AFA1-93F19FACC2BB}.Release|iPhone.Deploy.0 = Release|Any CPU
		{6C53B14A-870A-4D76-AFA1-93F19FACC2BB}.Release|iPhoneSimulator.ActiveCfg = Release|Any CPU
		{6C53B14A-870A-4D76-AFA1-93F19FACC2BB}.Release|iPhoneSimulator.Build.0 = Release|Any CPU
		{6C53B14A-870A-4D76-AFA1-93F19FACC2BB}.Release|iPhoneSimulator.Deploy.0 = Release|Any CPU
		{3083D261-256B-45AC-A02E-3F19BB27F775}.Debug|Any CPU.ActiveCfg = Debug|iPhone
		{3083D261-256B-45AC-A02E-3F19BB27F775}.Debug|iPhone.ActiveCfg = Debug|iPhone
		{3083D261-256B-45AC-A02E-3F19BB27F775}.Debug|iPhone.Build.0 = Debug|iPhone
		{3083D261-256B-45AC-A02E-3F19BB27F775}.Debug|iPhoneSimulator.ActiveCfg = Debug|iPhoneSimulator
		{3083D261-256B-45AC-A02E-3F19BB27F775}.Debug|iPhoneSimulator.Build.0 = Debug|iPhoneSimulator
		{3083D261-256B-45AC-A02E-3F19BB27F775}.Release|Any CPU.ActiveCfg = Release|iPhone
		{3083D261-256B-45AC-A02E-3F19BB27F775}.Release|iPhone.ActiveCfg = Release|iPhone
		{3083D261-256B-45AC-A02E-3F19BB27F775}.Release|iPhone.Build.0 = Release|iPhone
		{3083D261-256B-45AC-A02E-3F19BB27F775}.Release|iPhoneSimulator.ActiveCfg = Release|iPhoneSimulator
		{3083D261-256B-45AC-A02E-3F19BB27F775}.Release|iPhoneSimulator.Build.0 = Release|iPhoneSimulator
		{72594A4A-B723-4E71-A48F-9A64DBAD6752}.Debug|Any CPU.ActiveCfg = Debug|Any CPU
		{72594A4A-B723-4E71-A48F-9A64DBAD6752}.Debug|Any CPU.Build.0 = Debug|Any CPU
		{72594A4A-B723-4E71-A48F-9A64DBAD6752}.Debug|iPhone.ActiveCfg = Debug|Any CPU
		{72594A4A-B723-4E71-A48F-9A64DBAD6752}.Debug|iPhone.Build.0 = Debug|Any CPU
		{72594A4A-B723-4E71-A48F-9A64DBAD6752}.Debug|iPhoneSimulator.ActiveCfg = Debug|Any CPU
		{72594A4A-B723-4E71-A48F-9A64DBAD6752}.Debug|iPhoneSimulator.Build.0 = Debug|Any CPU
		{72594A4A-B723-4E71-A48F-9A64DBAD6752}.Release|Any CPU.ActiveCfg = Release|Any CPU
		{72594A4A-B723-4E71-A48F-9A64DBAD6752}.Release|Any CPU.Build.0 = Release|Any CPU
		{72594A4A-B723-4E71-A48F-9A64DBAD6752}.Release|iPhone.ActiveCfg = Release|Any CPU
		{72594A4A-B723-4E71-A48F-9A64DBAD6752}.Release|iPhone.Build.0 = Release|Any CPU
		{72594A4A-B723-4E71-A48F-9A64DBAD6752}.Release|iPhoneSimulator.ActiveCfg = Release|Any CPU
		{72594A4A-B723-4E71-A48F-9A64DBAD6752}.Release|iPhoneSimulator.Build.0 = Release|Any CPU
	EndGlobalSection
	GlobalSection(SolutionProperties) = preSolution
		HideSolutionNode = FALSE
	EndGlobalSection
EndGlobal
